
Microsoft Visual Studio Solution File, Format Version 12.00
# Visual Studio Version 17
VisualStudioVersion = 17.0.32112.339
MinimumVisualStudioVersion = 10.0.40219.1
Project("{F184B08F-C81C-45F6-A57F-5ABD9991F28F}") = "BankAccount.cs", "BankAccount.cs\BankAccount.cs.vbproj", "{0F174EB5-15E1-4481-995C-2695912E5390}"
EndProject
Global
	GlobalSection(SolutionConfigurationPlatforms) = preSolution
		Debug|Any CPU = Debug|Any CPU
		Release|Any CPU = Release|Any CPU
	EndGlobalSection
	GlobalSection(ProjectConfigurationPlatforms) = postSolution
		{0F174EB5-15E1-4481-995C-2695912E5390}.Debug|Any CPU.ActiveCfg = Debug|Any CPU
		{0F174EB5-15E1-4481-995C-2695912E5390}.Debug|Any CPU.Build.0 = Debug|Any CPU
		{0F174EB5-15E1-4481-995C-2695912E5390}.Release|Any CPU.ActiveCfg = Release|Any CPU
		{0F174EB5-15E1-4481-995C-2695912E5390}.Release|Any CPU.Build.0 = Release|Any CPU
	EndGlobalSection
	GlobalSection(SolutionProperties) = preSolution
		HideSolutionNode = FALSE
	EndGlobalSection
	GlobalSection(ExtensibilityGlobals) = postSolution
		SolutionGuid = {5DF362A0-3839-4A2A-B0B6-DF72AD07B950}
	EndGlobalSection
EndGlobal
