
Microsoft Visual Studio Solution File, Format Version 12.00
# Visual Studio Version 16
VisualStudioVersion = 16.0.31624.102
MinimumVisualStudioVersion = 10.0.40219.1
Project("{9A19103F-16F7-4668-BE54-9A1E7A4F7556}") = "SQL_Assignment1", "SQL_Assignment1\SQL_Assignment1.csproj", "{9DC401A3-A922-471C-A870-9B76A23853C4}"
EndProject
Global
	GlobalSection(SolutionConfigurationPlatforms) = preSolution
		Debug|Any CPU = Debug|Any CPU
		Release|Any CPU = Release|Any CPU
	EndGlobalSection
	GlobalSection(ProjectConfigurationPlatforms) = postSolution
		{9DC401A3-A922-471C-A870-9B76A23853C4}.Debug|Any CPU.ActiveCfg = Debug|Any CPU
		{9DC401A3-A922-471C-A870-9B76A23853C4}.Debug|Any CPU.Build.0 = Debug|Any CPU
		{9DC401A3-A922-471C-A870-9B76A23853C4}.Release|Any CPU.ActiveCfg = Release|Any CPU
		{9DC401A3-A922-471C-A870-9B76A23853C4}.Release|Any CPU.Build.0 = Release|Any CPU
	EndGlobalSection
	GlobalSection(SolutionProperties) = preSolution
		HideSolutionNode = FALSE
	EndGlobalSection
	GlobalSection(ExtensibilityGlobals) = postSolution
		SolutionGuid = {7987FE42-7638-4984-B58D-31338281915A}
	EndGlobalSection
EndGlobal
