
Microsoft Visual Studio Solution File, Format Version 12.00
# Visual Studio Version 17
VisualStudioVersion = 17.0.31912.275
MinimumVisualStudioVersion = 10.0.40219.1
Project("{FAE04EC0-301F-11D3-BF4B-00C04F79EFBC}") = "Genealogi", "Genealogi\Genealogi.csproj", "{ECEC9003-9DE9-4F4C-B012-201BF5B3D523}"
EndProject
Global
	GlobalSection(SolutionConfigurationPlatforms) = preSolution
		Debug|Any CPU = Debug|Any CPU
		Release|Any CPU = Release|Any CPU
	EndGlobalSection
	GlobalSection(ProjectConfigurationPlatforms) = postSolution
		{ECEC9003-9DE9-4F4C-B012-201BF5B3D523}.Debug|Any CPU.ActiveCfg = Debug|Any CPU
		{ECEC9003-9DE9-4F4C-B012-201BF5B3D523}.Debug|Any CPU.Build.0 = Debug|Any CPU
		{ECEC9003-9DE9-4F4C-B012-201BF5B3D523}.Release|Any CPU.ActiveCfg = Release|Any CPU
		{ECEC9003-9DE9-4F4C-B012-201BF5B3D523}.Release|Any CPU.Build.0 = Release|Any CPU
	EndGlobalSection
	GlobalSection(SolutionProperties) = preSolution
		HideSolutionNode = FALSE
	EndGlobalSection
	GlobalSection(ExtensibilityGlobals) = postSolution
		SolutionGuid = {0AA59C06-7A9E-4092-A130-C833D38759B8}
	EndGlobalSection
EndGlobal
