
Microsoft Visual Studio Solution File, Format Version 12.00
# Visual Studio Version 16
VisualStudioVersion = 16.0.31624.102
MinimumVisualStudioVersion = 10.0.40219.1
Project("{FAE04EC0-301F-11D3-BF4B-00C04F79EFBC}") = "EF_Genealogy", "EF_Genealogy\EF_Genealogy.csproj", "{CBE197A4-F9E3-4338-9F6C-FA9383C2203B}"
EndProject
Global
	GlobalSection(SolutionConfigurationPlatforms) = preSolution
		Debug|Any CPU = Debug|Any CPU
		Release|Any CPU = Release|Any CPU
	EndGlobalSection
	GlobalSection(ProjectConfigurationPlatforms) = postSolution
		{CBE197A4-F9E3-4338-9F6C-FA9383C2203B}.Debug|Any CPU.ActiveCfg = Debug|Any CPU
		{CBE197A4-F9E3-4338-9F6C-FA9383C2203B}.Debug|Any CPU.Build.0 = Debug|Any CPU
		{CBE197A4-F9E3-4338-9F6C-FA9383C2203B}.Release|Any CPU.ActiveCfg = Release|Any CPU
		{CBE197A4-F9E3-4338-9F6C-FA9383C2203B}.Release|Any CPU.Build.0 = Release|Any CPU
	EndGlobalSection
	GlobalSection(SolutionProperties) = preSolution
		HideSolutionNode = FALSE
	EndGlobalSection
	GlobalSection(ExtensibilityGlobals) = postSolution
		SolutionGuid = {E6FD9B45-C9E5-4A86-83FA-6D03E32299F7}
	EndGlobalSection
EndGlobal
