
Microsoft Visual Studio Solution File, Format Version 12.00
# Visual Studio Version 16
VisualStudioVersion = 16.0.31702.278
MinimumVisualStudioVersion = 10.0.40219.1
Project("{FAE04EC0-301F-11D3-BF4B-00C04F79EFBC}") = "ClassPOCO_DTO", "ClassPOCO_DTO\ClassPOCO_DTO.csproj", "{EDA54E72-5BFE-4953-A855-C8C3556839CD}"
EndProject
Global
	GlobalSection(SolutionConfigurationPlatforms) = preSolution
		Debug|Any CPU = Debug|Any CPU
		Release|Any CPU = Release|Any CPU
	EndGlobalSection
	GlobalSection(ProjectConfigurationPlatforms) = postSolution
		{EDA54E72-5BFE-4953-A855-C8C3556839CD}.Debug|Any CPU.ActiveCfg = Debug|Any CPU
		{EDA54E72-5BFE-4953-A855-C8C3556839CD}.Debug|Any CPU.Build.0 = Debug|Any CPU
		{EDA54E72-5BFE-4953-A855-C8C3556839CD}.Release|Any CPU.ActiveCfg = Release|Any CPU
		{EDA54E72-5BFE-4953-A855-C8C3556839CD}.Release|Any CPU.Build.0 = Release|Any CPU
	EndGlobalSection
	GlobalSection(SolutionProperties) = preSolution
		HideSolutionNode = FALSE
	EndGlobalSection
	GlobalSection(ExtensibilityGlobals) = postSolution
		SolutionGuid = {6F3225A4-C533-440F-ADBB-A7BDEBBCFD89}
	EndGlobalSection
EndGlobal
