
Microsoft Visual Studio Solution File, Format Version 12.00
# Visual Studio Version 16
VisualStudioVersion = 16.0.31515.178
MinimumVisualStudioVersion = 10.0.40219.1
Project("{FAE04EC0-301F-11D3-BF4B-00C04F79EFBC}") = "Chat_upV2", "Chat_upV2\Chat_upV2.csproj", "{8E998C42-0CDE-4B63-B9A4-661D58AD35CE}"
EndProject
Global
	GlobalSection(SolutionConfigurationPlatforms) = preSolution
		Debug|Any CPU = Debug|Any CPU
		Release|Any CPU = Release|Any CPU
	EndGlobalSection
	GlobalSection(ProjectConfigurationPlatforms) = postSolution
		{8E998C42-0CDE-4B63-B9A4-661D58AD35CE}.Debug|Any CPU.ActiveCfg = Debug|Any CPU
		{8E998C42-0CDE-4B63-B9A4-661D58AD35CE}.Debug|Any CPU.Build.0 = Debug|Any CPU
		{8E998C42-0CDE-4B63-B9A4-661D58AD35CE}.Release|Any CPU.ActiveCfg = Release|Any CPU
		{8E998C42-0CDE-4B63-B9A4-661D58AD35CE}.Release|Any CPU.Build.0 = Release|Any CPU
	EndGlobalSection
	GlobalSection(SolutionProperties) = preSolution
		HideSolutionNode = FALSE
	EndGlobalSection
	GlobalSection(ExtensibilityGlobals) = postSolution
		SolutionGuid = {EB2657B5-0CF8-42E9-830F-4999295EC3B5}
	EndGlobalSection
EndGlobal
