
Microsoft Visual Studio Solution File, Format Version 12.00
# Visual Studio Version 17
VisualStudioVersion = 17.0.31912.275
MinimumVisualStudioVersion = 10.0.40219.1
Project("{FAE04EC0-301F-11D3-BF4B-00C04F79EFBC}") = "EFDemo2", "EFDemo2\EFDemo2.csproj", "{B518F5C5-29C1-48D7-B12D-A8EAE1B92F20}"
EndProject
Global
	GlobalSection(SolutionConfigurationPlatforms) = preSolution
		Debug|Any CPU = Debug|Any CPU
		Release|Any CPU = Release|Any CPU
	EndGlobalSection
	GlobalSection(ProjectConfigurationPlatforms) = postSolution
		{B518F5C5-29C1-48D7-B12D-A8EAE1B92F20}.Debug|Any CPU.ActiveCfg = Debug|Any CPU
		{B518F5C5-29C1-48D7-B12D-A8EAE1B92F20}.Debug|Any CPU.Build.0 = Debug|Any CPU
		{B518F5C5-29C1-48D7-B12D-A8EAE1B92F20}.Release|Any CPU.ActiveCfg = Release|Any CPU
		{B518F5C5-29C1-48D7-B12D-A8EAE1B92F20}.Release|Any CPU.Build.0 = Release|Any CPU
	EndGlobalSection
	GlobalSection(SolutionProperties) = preSolution
		HideSolutionNode = FALSE
	EndGlobalSection
	GlobalSection(ExtensibilityGlobals) = postSolution
		SolutionGuid = {533C0BC3-9561-46DB-8705-36C32D38AEA1}
	EndGlobalSection
EndGlobal
