
Microsoft Visual Studio Solution File, Format Version 12.00
# Visual Studio Version 16
VisualStudioVersion = 16.0.31729.503
MinimumVisualStudioVersion = 10.0.40219.1
Project("{9A19103F-16F7-4668-BE54-9A1E7A4F7556}") = "TheGame", "TheGame.csproj", "{BDA24771-E350-4FCB-A43F-1E7283673BA1}"
EndProject
Global
	GlobalSection(SolutionConfigurationPlatforms) = preSolution
		Debug|Any CPU = Debug|Any CPU
		Release|Any CPU = Release|Any CPU
	EndGlobalSection
	GlobalSection(ProjectConfigurationPlatforms) = postSolution
		{BDA24771-E350-4FCB-A43F-1E7283673BA1}.Debug|Any CPU.ActiveCfg = Debug|Any CPU
		{BDA24771-E350-4FCB-A43F-1E7283673BA1}.Debug|Any CPU.Build.0 = Debug|Any CPU
		{BDA24771-E350-4FCB-A43F-1E7283673BA1}.Release|Any CPU.ActiveCfg = Release|Any CPU
		{BDA24771-E350-4FCB-A43F-1E7283673BA1}.Release|Any CPU.Build.0 = Release|Any CPU
	EndGlobalSection
	GlobalSection(SolutionProperties) = preSolution
		HideSolutionNode = FALSE
	EndGlobalSection
	GlobalSection(ExtensibilityGlobals) = postSolution
		SolutionGuid = {A2CCC937-EA32-4A8E-BF3E-6D2D04FD9998}
	EndGlobalSection
EndGlobal
