
Microsoft Visual Studio Solution File, Format Version 12.00
# Visual Studio Version 17
VisualStudioVersion = 17.0.32014.148
MinimumVisualStudioVersion = 10.0.40219.1
Project("{FAE04EC0-301F-11D3-BF4B-00C04F79EFBC}") = "TDD_Demo1", "TDD_Demo1\TDD_Demo1.csproj", "{EDC8F1FC-0FFC-4B85-B7D0-8026C9FB6FE3}"
EndProject
Project("{FAE04EC0-301F-11D3-BF4B-00C04F79EFBC}") = "TDD_Demo1Tests", "TDD_Demo1Tests\TDD_Demo1Tests.csproj", "{826EAA76-E98E-4D32-AEF9-1C9D6D0F678C}"
EndProject
Global
	GlobalSection(SolutionConfigurationPlatforms) = preSolution
		Debug|Any CPU = Debug|Any CPU
		Release|Any CPU = Release|Any CPU
	EndGlobalSection
	GlobalSection(ProjectConfigurationPlatforms) = postSolution
		{EDC8F1FC-0FFC-4B85-B7D0-8026C9FB6FE3}.Debug|Any CPU.ActiveCfg = Debug|Any CPU
		{EDC8F1FC-0FFC-4B85-B7D0-8026C9FB6FE3}.Debug|Any CPU.Build.0 = Debug|Any CPU
		{EDC8F1FC-0FFC-4B85-B7D0-8026C9FB6FE3}.Release|Any CPU.ActiveCfg = Release|Any CPU
		{EDC8F1FC-0FFC-4B85-B7D0-8026C9FB6FE3}.Release|Any CPU.Build.0 = Release|Any CPU
		{826EAA76-E98E-4D32-AEF9-1C9D6D0F678C}.Debug|Any CPU.ActiveCfg = Debug|Any CPU
		{826EAA76-E98E-4D32-AEF9-1C9D6D0F678C}.Debug|Any CPU.Build.0 = Debug|Any CPU
		{826EAA76-E98E-4D32-AEF9-1C9D6D0F678C}.Release|Any CPU.ActiveCfg = Release|Any CPU
		{826EAA76-E98E-4D32-AEF9-1C9D6D0F678C}.Release|Any CPU.Build.0 = Release|Any CPU
	EndGlobalSection
	GlobalSection(SolutionProperties) = preSolution
		HideSolutionNode = FALSE
	EndGlobalSection
	GlobalSection(ExtensibilityGlobals) = postSolution
		SolutionGuid = {CB918EB5-249E-4B13-A0B5-FD39511E56AC}
	EndGlobalSection
EndGlobal
