
Microsoft Visual Studio Solution File, Format Version 12.00
# Visual Studio Version 16
VisualStudioVersion = 16.0.31702.278
MinimumVisualStudioVersion = 10.0.40219.1
Project("{9A19103F-16F7-4668-BE54-9A1E7A4F7556}") = "Fortuna", "Fortuna\Fortuna.csproj", "{4A3273E9-64E6-46B1-8FEA-EE9E79AFBC0B}"
EndProject
Global
	GlobalSection(SolutionConfigurationPlatforms) = preSolution
		Debug|Any CPU = Debug|Any CPU
		Release|Any CPU = Release|Any CPU
	EndGlobalSection
	GlobalSection(ProjectConfigurationPlatforms) = postSolution
		{4A3273E9-64E6-46B1-8FEA-EE9E79AFBC0B}.Debug|Any CPU.ActiveCfg = Debug|Any CPU
		{4A3273E9-64E6-46B1-8FEA-EE9E79AFBC0B}.Debug|Any CPU.Build.0 = Debug|Any CPU
		{4A3273E9-64E6-46B1-8FEA-EE9E79AFBC0B}.Release|Any CPU.ActiveCfg = Release|Any CPU
		{4A3273E9-64E6-46B1-8FEA-EE9E79AFBC0B}.Release|Any CPU.Build.0 = Release|Any CPU
	EndGlobalSection
	GlobalSection(SolutionProperties) = preSolution
		HideSolutionNode = FALSE
	EndGlobalSection
	GlobalSection(ExtensibilityGlobals) = postSolution
		SolutionGuid = {5D6CB4B3-B94A-4E7B-AF76-0F53DA703782}
	EndGlobalSection
EndGlobal
