
Microsoft Visual Studio Solution File, Format Version 12.00
# Visual Studio Version 17
VisualStudioVersion = 17.0.31912.275
MinimumVisualStudioVersion = 10.0.40219.1
Project("{FAE04EC0-301F-11D3-BF4B-00C04F79EFBC}") = "SnyggkodDemo", "SnyggkodDemo\SnyggkodDemo.csproj", "{3A1610B5-A798-4A77-BC19-501E98276374}"
EndProject
Global
	GlobalSection(SolutionConfigurationPlatforms) = preSolution
		Debug|Any CPU = Debug|Any CPU
		Release|Any CPU = Release|Any CPU
	EndGlobalSection
	GlobalSection(ProjectConfigurationPlatforms) = postSolution
		{3A1610B5-A798-4A77-BC19-501E98276374}.Debug|Any CPU.ActiveCfg = Debug|Any CPU
		{3A1610B5-A798-4A77-BC19-501E98276374}.Debug|Any CPU.Build.0 = Debug|Any CPU
		{3A1610B5-A798-4A77-BC19-501E98276374}.Release|Any CPU.ActiveCfg = Release|Any CPU
		{3A1610B5-A798-4A77-BC19-501E98276374}.Release|Any CPU.Build.0 = Release|Any CPU
	EndGlobalSection
	GlobalSection(SolutionProperties) = preSolution
		HideSolutionNode = FALSE
	EndGlobalSection
	GlobalSection(ExtensibilityGlobals) = postSolution
		SolutionGuid = {B15F1A87-4F19-4089-A3FB-B11690494B77}
	EndGlobalSection
EndGlobal
