
Microsoft Visual Studio Solution File, Format Version 12.00
# Visual Studio Version 16
VisualStudioVersion = 16.0.31702.278
MinimumVisualStudioVersion = 10.0.40219.1
Project("{FAE04EC0-301F-11D3-BF4B-00C04F79EFBC}") = "ClassObjects2", "ClassObjects2\ClassObjects2.csproj", "{25FEF8E4-D7DD-462A-878C-40E966D81A29}"
EndProject
Global
	GlobalSection(SolutionConfigurationPlatforms) = preSolution
		Debug|Any CPU = Debug|Any CPU
		Release|Any CPU = Release|Any CPU
	EndGlobalSection
	GlobalSection(ProjectConfigurationPlatforms) = postSolution
		{25FEF8E4-D7DD-462A-878C-40E966D81A29}.Debug|Any CPU.ActiveCfg = Debug|Any CPU
		{25FEF8E4-D7DD-462A-878C-40E966D81A29}.Debug|Any CPU.Build.0 = Debug|Any CPU
		{25FEF8E4-D7DD-462A-878C-40E966D81A29}.Release|Any CPU.ActiveCfg = Release|Any CPU
		{25FEF8E4-D7DD-462A-878C-40E966D81A29}.Release|Any CPU.Build.0 = Release|Any CPU
	EndGlobalSection
	GlobalSection(SolutionProperties) = preSolution
		HideSolutionNode = FALSE
	EndGlobalSection
	GlobalSection(ExtensibilityGlobals) = postSolution
		SolutionGuid = {927DD012-6FF3-434A-9D39-495C959A7A30}
	EndGlobalSection
EndGlobal
