
Microsoft Visual Studio Solution File, Format Version 12.00
# Visual Studio Version 16
VisualStudioVersion = 16.0.31702.278
MinimumVisualStudioVersion = 10.0.40219.1
Project("{FAE04EC0-301F-11D3-BF4B-00C04F79EFBC}") = "Fortuna", "Fortuna\Fortuna.csproj", "{9465BA56-2E3E-4D0B-9A60-2F71491516DC}"
EndProject
Global
	GlobalSection(SolutionConfigurationPlatforms) = preSolution
		Debug|Any CPU = Debug|Any CPU
		Release|Any CPU = Release|Any CPU
	EndGlobalSection
	GlobalSection(ProjectConfigurationPlatforms) = postSolution
		{9465BA56-2E3E-4D0B-9A60-2F71491516DC}.Debug|Any CPU.ActiveCfg = Debug|Any CPU
		{9465BA56-2E3E-4D0B-9A60-2F71491516DC}.Debug|Any CPU.Build.0 = Debug|Any CPU
		{9465BA56-2E3E-4D0B-9A60-2F71491516DC}.Release|Any CPU.ActiveCfg = Release|Any CPU
		{9465BA56-2E3E-4D0B-9A60-2F71491516DC}.Release|Any CPU.Build.0 = Release|Any CPU
	EndGlobalSection
	GlobalSection(SolutionProperties) = preSolution
		HideSolutionNode = FALSE
	EndGlobalSection
	GlobalSection(ExtensibilityGlobals) = postSolution
		SolutionGuid = {571D8A5E-68BD-4A05-B2F4-E2073D327335}
	EndGlobalSection
EndGlobal
