
Microsoft Visual Studio Solution File, Format Version 12.00
# Visual Studio Version 17
VisualStudioVersion = 17.0.31912.275
MinimumVisualStudioVersion = 10.0.40219.1
Project("{FAE04EC0-301F-11D3-BF4B-00C04F79EFBC}") = "MySQL_Uppgift", "MySQL_Uppgift\MySQL_Uppgift.csproj", "{E079FC9E-4133-401B-8C1B-13A6356F8B5A}"
EndProject
Global
	GlobalSection(SolutionConfigurationPlatforms) = preSolution
		Debug|Any CPU = Debug|Any CPU
		Release|Any CPU = Release|Any CPU
	EndGlobalSection
	GlobalSection(ProjectConfigurationPlatforms) = postSolution
		{E079FC9E-4133-401B-8C1B-13A6356F8B5A}.Debug|Any CPU.ActiveCfg = Debug|Any CPU
		{E079FC9E-4133-401B-8C1B-13A6356F8B5A}.Debug|Any CPU.Build.0 = Debug|Any CPU
		{E079FC9E-4133-401B-8C1B-13A6356F8B5A}.Release|Any CPU.ActiveCfg = Release|Any CPU
		{E079FC9E-4133-401B-8C1B-13A6356F8B5A}.Release|Any CPU.Build.0 = Release|Any CPU
	EndGlobalSection
	GlobalSection(SolutionProperties) = preSolution
		HideSolutionNode = FALSE
	EndGlobalSection
	GlobalSection(ExtensibilityGlobals) = postSolution
		SolutionGuid = {4EC31B5C-05D1-48DC-BD96-FF22881DD487}
	EndGlobalSection
EndGlobal
