
Microsoft Visual Studio Solution File, Format Version 12.00
# Visual Studio Version 17
VisualStudioVersion = 17.0.32014.148
MinimumVisualStudioVersion = 10.0.40219.1
Project("{FAE04EC0-301F-11D3-BF4B-00C04F79EFBC}") = "TwelveDaysOfChristmas", "TwelveDaysOfChristmas\TwelveDaysOfChristmas.csproj", "{A7A7A80C-DE80-4346-ACBF-91A020EF6A16}"
EndProject
Global
	GlobalSection(SolutionConfigurationPlatforms) = preSolution
		Debug|Any CPU = Debug|Any CPU
		Release|Any CPU = Release|Any CPU
	EndGlobalSection
	GlobalSection(ProjectConfigurationPlatforms) = postSolution
		{A7A7A80C-DE80-4346-ACBF-91A020EF6A16}.Debug|Any CPU.ActiveCfg = Debug|Any CPU
		{A7A7A80C-DE80-4346-ACBF-91A020EF6A16}.Debug|Any CPU.Build.0 = Debug|Any CPU
		{A7A7A80C-DE80-4346-ACBF-91A020EF6A16}.Release|Any CPU.ActiveCfg = Release|Any CPU
		{A7A7A80C-DE80-4346-ACBF-91A020EF6A16}.Release|Any CPU.Build.0 = Release|Any CPU
	EndGlobalSection
	GlobalSection(SolutionProperties) = preSolution
		HideSolutionNode = FALSE
	EndGlobalSection
	GlobalSection(ExtensibilityGlobals) = postSolution
		SolutionGuid = {E46CC664-A030-4E28-8B28-9A3F67EF845A}
	EndGlobalSection
EndGlobal
