
Microsoft Visual Studio Solution File, Format Version 12.00
# Visual Studio Version 16
VisualStudioVersion = 16.0.31702.278
MinimumVisualStudioVersion = 10.0.40219.1
Project("{9A19103F-16F7-4668-BE54-9A1E7A4F7556}") = "Fortuna_spel", "Fortuna_spel\Fortuna_spel.csproj", "{3FFBD4B8-27C3-42B7-A9BF-FC7AD1C023B6}"
EndProject
Global
	GlobalSection(SolutionConfigurationPlatforms) = preSolution
		Debug|Any CPU = Debug|Any CPU
		Release|Any CPU = Release|Any CPU
	EndGlobalSection
	GlobalSection(ProjectConfigurationPlatforms) = postSolution
		{3FFBD4B8-27C3-42B7-A9BF-FC7AD1C023B6}.Debug|Any CPU.ActiveCfg = Debug|Any CPU
		{3FFBD4B8-27C3-42B7-A9BF-FC7AD1C023B6}.Debug|Any CPU.Build.0 = Debug|Any CPU
		{3FFBD4B8-27C3-42B7-A9BF-FC7AD1C023B6}.Release|Any CPU.ActiveCfg = Release|Any CPU
		{3FFBD4B8-27C3-42B7-A9BF-FC7AD1C023B6}.Release|Any CPU.Build.0 = Release|Any CPU
	EndGlobalSection
	GlobalSection(SolutionProperties) = preSolution
		HideSolutionNode = FALSE
	EndGlobalSection
	GlobalSection(ExtensibilityGlobals) = postSolution
		SolutionGuid = {65D45902-8505-46E8-87E5-CD7B882C407E}
	EndGlobalSection
EndGlobal
