
Microsoft Visual Studio Solution File, Format Version 12.00
# Visual Studio Version 17
VisualStudioVersion = 17.0.31912.275
MinimumVisualStudioVersion = 10.0.40219.1
Project("{9A19103F-16F7-4668-BE54-9A1E7A4F7556}") = "Inlämning2byDB", "Inlämning2byDB\Inlämning2byDB.csproj", "{F43FF163-41DA-4B98-8AFC-E367097EC9E5}"
EndProject
Global
	GlobalSection(SolutionConfigurationPlatforms) = preSolution
		Debug|Any CPU = Debug|Any CPU
		Release|Any CPU = Release|Any CPU
	EndGlobalSection
	GlobalSection(ProjectConfigurationPlatforms) = postSolution
		{F43FF163-41DA-4B98-8AFC-E367097EC9E5}.Debug|Any CPU.ActiveCfg = Debug|Any CPU
		{F43FF163-41DA-4B98-8AFC-E367097EC9E5}.Debug|Any CPU.Build.0 = Debug|Any CPU
		{F43FF163-41DA-4B98-8AFC-E367097EC9E5}.Release|Any CPU.ActiveCfg = Release|Any CPU
		{F43FF163-41DA-4B98-8AFC-E367097EC9E5}.Release|Any CPU.Build.0 = Release|Any CPU
	EndGlobalSection
	GlobalSection(SolutionProperties) = preSolution
		HideSolutionNode = FALSE
	EndGlobalSection
	GlobalSection(ExtensibilityGlobals) = postSolution
		SolutionGuid = {2184C792-6298-4621-B347-2831F6167BFA}
	EndGlobalSection
EndGlobal
