
Microsoft Visual Studio Solution File, Format Version 12.00
# Visual Studio Version 16
VisualStudioVersion = 16.0.31702.278
MinimumVisualStudioVersion = 10.0.40219.1
Project("{FAE04EC0-301F-11D3-BF4B-00C04F79EFBC}") = "ClassReplacement", "ClassReplacement\ClassReplacement.csproj", "{75BD814C-6A10-4A27-9757-A244CA627742}"
EndProject
Global
	GlobalSection(SolutionConfigurationPlatforms) = preSolution
		Debug|Any CPU = Debug|Any CPU
		Release|Any CPU = Release|Any CPU
	EndGlobalSection
	GlobalSection(ProjectConfigurationPlatforms) = postSolution
		{75BD814C-6A10-4A27-9757-A244CA627742}.Debug|Any CPU.ActiveCfg = Debug|Any CPU
		{75BD814C-6A10-4A27-9757-A244CA627742}.Debug|Any CPU.Build.0 = Debug|Any CPU
		{75BD814C-6A10-4A27-9757-A244CA627742}.Release|Any CPU.ActiveCfg = Release|Any CPU
		{75BD814C-6A10-4A27-9757-A244CA627742}.Release|Any CPU.Build.0 = Release|Any CPU
	EndGlobalSection
	GlobalSection(SolutionProperties) = preSolution
		HideSolutionNode = FALSE
	EndGlobalSection
	GlobalSection(ExtensibilityGlobals) = postSolution
		SolutionGuid = {6CBEA988-11F3-47E7-ADDC-A19B223B5971}
	EndGlobalSection
EndGlobal
