
Microsoft Visual Studio Solution File, Format Version 12.00
# Visual Studio Version 16
VisualStudioVersion = 16.0.31624.102
MinimumVisualStudioVersion = 10.0.40219.1
Project("{9A19103F-16F7-4668-BE54-9A1E7A4F7556}") = "Chat-Up", "Chat-Up.csproj", "{12E46B04-BBE9-4BAA-8C3F-6048B20458D0}"
EndProject
Global
	GlobalSection(SolutionConfigurationPlatforms) = preSolution
		Debug|Any CPU = Debug|Any CPU
		Release|Any CPU = Release|Any CPU
	EndGlobalSection
	GlobalSection(ProjectConfigurationPlatforms) = postSolution
		{12E46B04-BBE9-4BAA-8C3F-6048B20458D0}.Debug|Any CPU.ActiveCfg = Debug|Any CPU
		{12E46B04-BBE9-4BAA-8C3F-6048B20458D0}.Debug|Any CPU.Build.0 = Debug|Any CPU
		{12E46B04-BBE9-4BAA-8C3F-6048B20458D0}.Release|Any CPU.ActiveCfg = Release|Any CPU
		{12E46B04-BBE9-4BAA-8C3F-6048B20458D0}.Release|Any CPU.Build.0 = Release|Any CPU
	EndGlobalSection
	GlobalSection(SolutionProperties) = preSolution
		HideSolutionNode = FALSE
	EndGlobalSection
	GlobalSection(ExtensibilityGlobals) = postSolution
		SolutionGuid = {36658A56-5F9F-4E80-A0B0-86E1A7515BEA}
	EndGlobalSection
EndGlobal
