
Microsoft Visual Studio Solution File, Format Version 12.00
# Visual Studio Version 16
VisualStudioVersion = 16.0.31702.278
MinimumVisualStudioVersion = 10.0.40219.1
Project("{FAE04EC0-301F-11D3-BF4B-00C04F79EFBC}") = "TryCatch2", "TryCatch2\TryCatch2.csproj", "{868392BA-BE85-411D-B180-89D720EC977E}"
EndProject
Global
	GlobalSection(SolutionConfigurationPlatforms) = preSolution
		Debug|Any CPU = Debug|Any CPU
		Release|Any CPU = Release|Any CPU
	EndGlobalSection
	GlobalSection(ProjectConfigurationPlatforms) = postSolution
		{868392BA-BE85-411D-B180-89D720EC977E}.Debug|Any CPU.ActiveCfg = Debug|Any CPU
		{868392BA-BE85-411D-B180-89D720EC977E}.Debug|Any CPU.Build.0 = Debug|Any CPU
		{868392BA-BE85-411D-B180-89D720EC977E}.Release|Any CPU.ActiveCfg = Release|Any CPU
		{868392BA-BE85-411D-B180-89D720EC977E}.Release|Any CPU.Build.0 = Release|Any CPU
	EndGlobalSection
	GlobalSection(SolutionProperties) = preSolution
		HideSolutionNode = FALSE
	EndGlobalSection
	GlobalSection(ExtensibilityGlobals) = postSolution
		SolutionGuid = {E8DF186D-86A0-45F9-AADC-8408A7D39ABE}
	EndGlobalSection
EndGlobal
