
Microsoft Visual Studio Solution File, Format Version 12.00
# Visual Studio Version 16
VisualStudioVersion = 16.0.31624.102
MinimumVisualStudioVersion = 10.0.40219.1
Project("{FAE04EC0-301F-11D3-BF4B-00C04F79EFBC}") = "BUF_Vecka1_06", "BUF_Vecka1_06\BUF_Vecka1_06.csproj", "{71C64768-4B9A-469C-BB3F-5312D0F45D09}"
EndProject
Global
	GlobalSection(SolutionConfigurationPlatforms) = preSolution
		Debug|Any CPU = Debug|Any CPU
		Release|Any CPU = Release|Any CPU
	EndGlobalSection
	GlobalSection(ProjectConfigurationPlatforms) = postSolution
		{71C64768-4B9A-469C-BB3F-5312D0F45D09}.Debug|Any CPU.ActiveCfg = Debug|Any CPU
		{71C64768-4B9A-469C-BB3F-5312D0F45D09}.Debug|Any CPU.Build.0 = Debug|Any CPU
		{71C64768-4B9A-469C-BB3F-5312D0F45D09}.Release|Any CPU.ActiveCfg = Release|Any CPU
		{71C64768-4B9A-469C-BB3F-5312D0F45D09}.Release|Any CPU.Build.0 = Release|Any CPU
	EndGlobalSection
	GlobalSection(SolutionProperties) = preSolution
		HideSolutionNode = FALSE
	EndGlobalSection
	GlobalSection(ExtensibilityGlobals) = postSolution
		SolutionGuid = {F4C4E50B-0791-4C16-974A-88E90C2D798E}
	EndGlobalSection
EndGlobal
