
Microsoft Visual Studio Solution File, Format Version 12.00
# Visual Studio Version 16
VisualStudioVersion = 16.0.31624.102
MinimumVisualStudioVersion = 10.0.40219.1
Project("{FAE04EC0-301F-11D3-BF4B-00C04F79EFBC}") = "RoligExempel", "RoligExempel\RoligExempel.csproj", "{9959EF8F-FAE1-4949-9666-0EC158CB40E0}"
EndProject
Global
	GlobalSection(SolutionConfigurationPlatforms) = preSolution
		Debug|Any CPU = Debug|Any CPU
		Release|Any CPU = Release|Any CPU
	EndGlobalSection
	GlobalSection(ProjectConfigurationPlatforms) = postSolution
		{9959EF8F-FAE1-4949-9666-0EC158CB40E0}.Debug|Any CPU.ActiveCfg = Debug|Any CPU
		{9959EF8F-FAE1-4949-9666-0EC158CB40E0}.Debug|Any CPU.Build.0 = Debug|Any CPU
		{9959EF8F-FAE1-4949-9666-0EC158CB40E0}.Release|Any CPU.ActiveCfg = Release|Any CPU
		{9959EF8F-FAE1-4949-9666-0EC158CB40E0}.Release|Any CPU.Build.0 = Release|Any CPU
	EndGlobalSection
	GlobalSection(SolutionProperties) = preSolution
		HideSolutionNode = FALSE
	EndGlobalSection
	GlobalSection(ExtensibilityGlobals) = postSolution
		SolutionGuid = {55DB56F5-0B96-4F42-A292-98AC71AC98B2}
	EndGlobalSection
EndGlobal
