
Microsoft Visual Studio Solution File, Format Version 12.00
# Visual Studio Version 16
VisualStudioVersion = 16.0.31729.503
MinimumVisualStudioVersion = 10.0.40219.1
Project("{FAE04EC0-301F-11D3-BF4B-00C04F79EFBC}") = "TheGame421", "TheGame421\TheGame421.csproj", "{21D28D68-0871-4AEF-B4E4-BCE29CCC90A1}"
EndProject
Global
	GlobalSection(SolutionConfigurationPlatforms) = preSolution
		Debug|Any CPU = Debug|Any CPU
		Release|Any CPU = Release|Any CPU
	EndGlobalSection
	GlobalSection(ProjectConfigurationPlatforms) = postSolution
		{21D28D68-0871-4AEF-B4E4-BCE29CCC90A1}.Debug|Any CPU.ActiveCfg = Debug|Any CPU
		{21D28D68-0871-4AEF-B4E4-BCE29CCC90A1}.Debug|Any CPU.Build.0 = Debug|Any CPU
		{21D28D68-0871-4AEF-B4E4-BCE29CCC90A1}.Release|Any CPU.ActiveCfg = Release|Any CPU
		{21D28D68-0871-4AEF-B4E4-BCE29CCC90A1}.Release|Any CPU.Build.0 = Release|Any CPU
	EndGlobalSection
	GlobalSection(SolutionProperties) = preSolution
		HideSolutionNode = FALSE
	EndGlobalSection
	GlobalSection(ExtensibilityGlobals) = postSolution
		SolutionGuid = {18BA1CCF-A2E3-430F-913C-A3465AD14BE2}
	EndGlobalSection
EndGlobal
