
Microsoft Visual Studio Solution File, Format Version 12.00
# Visual Studio Version 16
VisualStudioVersion = 16.0.31402.337
MinimumVisualStudioVersion = 10.0.40219.1
Project("{FAE04EC0-301F-11D3-BF4B-00C04F79EFBC}") = "BFU_Vecka2_04", "BFU_Vecka2_04\BFU_Vecka2_04.csproj", "{17ED004B-CD9B-48B0-BB48-E93E6F31EA0A}"
EndProject
Global
	GlobalSection(SolutionConfigurationPlatforms) = preSolution
		Debug|Any CPU = Debug|Any CPU
		Release|Any CPU = Release|Any CPU
	EndGlobalSection
	GlobalSection(ProjectConfigurationPlatforms) = postSolution
		{17ED004B-CD9B-48B0-BB48-E93E6F31EA0A}.Debug|Any CPU.ActiveCfg = Debug|Any CPU
		{17ED004B-CD9B-48B0-BB48-E93E6F31EA0A}.Debug|Any CPU.Build.0 = Debug|Any CPU
		{17ED004B-CD9B-48B0-BB48-E93E6F31EA0A}.Release|Any CPU.ActiveCfg = Release|Any CPU
		{17ED004B-CD9B-48B0-BB48-E93E6F31EA0A}.Release|Any CPU.Build.0 = Release|Any CPU
	EndGlobalSection
	GlobalSection(SolutionProperties) = preSolution
		HideSolutionNode = FALSE
	EndGlobalSection
	GlobalSection(ExtensibilityGlobals) = postSolution
		SolutionGuid = {04239B64-15DB-4D40-99DF-17AACB3FA815}
	EndGlobalSection
EndGlobal
