
Microsoft Visual Studio Solution File, Format Version 12.00
# Visual Studio Version 17
VisualStudioVersion = 17.0.31903.59
MinimumVisualStudioVersion = 10.0.40219.1
Project("{FAE04EC0-301F-11D3-BF4B-00C04F79EFBC}") = "LLGenealogi", "LLGenealogi\LLGenealogi.csproj", "{0A9140B8-658F-45E7-95A5-4FEA82CA5246}"
EndProject
Global
	GlobalSection(SolutionConfigurationPlatforms) = preSolution
		Debug|Any CPU = Debug|Any CPU
		Release|Any CPU = Release|Any CPU
	EndGlobalSection
	GlobalSection(ProjectConfigurationPlatforms) = postSolution
		{0A9140B8-658F-45E7-95A5-4FEA82CA5246}.Debug|Any CPU.ActiveCfg = Debug|Any CPU
		{0A9140B8-658F-45E7-95A5-4FEA82CA5246}.Debug|Any CPU.Build.0 = Debug|Any CPU
		{0A9140B8-658F-45E7-95A5-4FEA82CA5246}.Release|Any CPU.ActiveCfg = Release|Any CPU
		{0A9140B8-658F-45E7-95A5-4FEA82CA5246}.Release|Any CPU.Build.0 = Release|Any CPU
	EndGlobalSection
	GlobalSection(SolutionProperties) = preSolution
		HideSolutionNode = FALSE
	EndGlobalSection
	GlobalSection(ExtensibilityGlobals) = postSolution
		SolutionGuid = {C7EC5D25-4D1A-48D6-A7A6-851ADD39CE79}
	EndGlobalSection
EndGlobal
