
Microsoft Visual Studio Solution File, Format Version 12.00
# Visual Studio Version 17
VisualStudioVersion = 17.0.31903.59
MinimumVisualStudioVersion = 10.0.40219.1
Project("{9A19103F-16F7-4668-BE54-9A1E7A4F7556}") = "FamilyTreeWF", "FamilyTreeWinForm\FamilyTreeWF.csproj", "{731F691C-6DE8-4159-A9DB-C58650CEC327}"
EndProject
Global
	GlobalSection(SolutionConfigurationPlatforms) = preSolution
		Debug|Any CPU = Debug|Any CPU
		Release|Any CPU = Release|Any CPU
	EndGlobalSection
	GlobalSection(ProjectConfigurationPlatforms) = postSolution
		{731F691C-6DE8-4159-A9DB-C58650CEC327}.Debug|Any CPU.ActiveCfg = Debug|Any CPU
		{731F691C-6DE8-4159-A9DB-C58650CEC327}.Debug|Any CPU.Build.0 = Debug|Any CPU
		{731F691C-6DE8-4159-A9DB-C58650CEC327}.Release|Any CPU.ActiveCfg = Release|Any CPU
		{731F691C-6DE8-4159-A9DB-C58650CEC327}.Release|Any CPU.Build.0 = Release|Any CPU
	EndGlobalSection
	GlobalSection(SolutionProperties) = preSolution
		HideSolutionNode = FALSE
	EndGlobalSection
	GlobalSection(ExtensibilityGlobals) = postSolution
		SolutionGuid = {51F2C4BC-96F3-4C52-A048-96959A0B4369}
	EndGlobalSection
EndGlobal
