
Microsoft Visual Studio Solution File, Format Version 12.00
# Visual Studio Version 16
VisualStudioVersion = 16.0.31624.102
MinimumVisualStudioVersion = 10.0.40219.1
Project("{FAE04EC0-301F-11D3-BF4B-00C04F79EFBC}") = "Inlämningsuppgift 2 - F", "Inlämningsuppgift 2 - F\Inlämningsuppgift 2 - F.csproj", "{1CCC4055-ACF5-4755-A714-A380A675A4BB}"
EndProject
Global
	GlobalSection(SolutionConfigurationPlatforms) = preSolution
		Debug|Any CPU = Debug|Any CPU
		Release|Any CPU = Release|Any CPU
	EndGlobalSection
	GlobalSection(ProjectConfigurationPlatforms) = postSolution
		{1CCC4055-ACF5-4755-A714-A380A675A4BB}.Debug|Any CPU.ActiveCfg = Debug|Any CPU
		{1CCC4055-ACF5-4755-A714-A380A675A4BB}.Debug|Any CPU.Build.0 = Debug|Any CPU
		{1CCC4055-ACF5-4755-A714-A380A675A4BB}.Release|Any CPU.ActiveCfg = Release|Any CPU
		{1CCC4055-ACF5-4755-A714-A380A675A4BB}.Release|Any CPU.Build.0 = Release|Any CPU
	EndGlobalSection
	GlobalSection(SolutionProperties) = preSolution
		HideSolutionNode = FALSE
	EndGlobalSection
	GlobalSection(ExtensibilityGlobals) = postSolution
		SolutionGuid = {0FC12DB7-0F0D-44F2-B985-0D2A1F1DBA7D}
	EndGlobalSection
EndGlobal
