
Microsoft Visual Studio Solution File, Format Version 12.00
# Visual Studio Version 16
VisualStudioVersion = 16.0.31702.278
MinimumVisualStudioVersion = 10.0.40219.1
Project("{9A19103F-16F7-4668-BE54-9A1E7A4F7556}") = "Oh_Fortuna", "Oh_Fortuna.csproj", "{DDD40487-0627-4BAC-B309-9DA616E2B6B6}"
EndProject
Global
	GlobalSection(SolutionConfigurationPlatforms) = preSolution
		Debug|Any CPU = Debug|Any CPU
		Release|Any CPU = Release|Any CPU
	EndGlobalSection
	GlobalSection(ProjectConfigurationPlatforms) = postSolution
		{DDD40487-0627-4BAC-B309-9DA616E2B6B6}.Debug|Any CPU.ActiveCfg = Debug|Any CPU
		{DDD40487-0627-4BAC-B309-9DA616E2B6B6}.Debug|Any CPU.Build.0 = Debug|Any CPU
		{DDD40487-0627-4BAC-B309-9DA616E2B6B6}.Release|Any CPU.ActiveCfg = Release|Any CPU
		{DDD40487-0627-4BAC-B309-9DA616E2B6B6}.Release|Any CPU.Build.0 = Release|Any CPU
	EndGlobalSection
	GlobalSection(SolutionProperties) = preSolution
		HideSolutionNode = FALSE
	EndGlobalSection
	GlobalSection(ExtensibilityGlobals) = postSolution
		SolutionGuid = {B828ECA5-1352-4513-89E8-E85F9459BDC6}
	EndGlobalSection
EndGlobal
