
Microsoft Visual Studio Solution File, Format Version 12.00
# Visual Studio Version 16
VisualStudioVersion = 16.0.31624.102
MinimumVisualStudioVersion = 10.0.40219.1
Project("{FAE04EC0-301F-11D3-BF4B-00C04F79EFBC}") = "BFU_Vecka1_02", "BFU_Vecka1_02\BFU_Vecka1_02.csproj", "{131FB4A9-EC04-488E-AF0A-F8672F84B35B}"
EndProject
Global
	GlobalSection(SolutionConfigurationPlatforms) = preSolution
		Debug|Any CPU = Debug|Any CPU
		Release|Any CPU = Release|Any CPU
	EndGlobalSection
	GlobalSection(ProjectConfigurationPlatforms) = postSolution
		{131FB4A9-EC04-488E-AF0A-F8672F84B35B}.Debug|Any CPU.ActiveCfg = Debug|Any CPU
		{131FB4A9-EC04-488E-AF0A-F8672F84B35B}.Debug|Any CPU.Build.0 = Debug|Any CPU
		{131FB4A9-EC04-488E-AF0A-F8672F84B35B}.Release|Any CPU.ActiveCfg = Release|Any CPU
		{131FB4A9-EC04-488E-AF0A-F8672F84B35B}.Release|Any CPU.Build.0 = Release|Any CPU
	EndGlobalSection
	GlobalSection(SolutionProperties) = preSolution
		HideSolutionNode = FALSE
	EndGlobalSection
	GlobalSection(ExtensibilityGlobals) = postSolution
		SolutionGuid = {7066B4F7-2B4E-4262-8792-D79333803BD4}
	EndGlobalSection
EndGlobal
