
Microsoft Visual Studio Solution File, Format Version 12.00
# Visual Studio Version 16
VisualStudioVersion = 16.0.31624.102
MinimumVisualStudioVersion = 10.0.40219.1
Project("{FAE04EC0-301F-11D3-BF4B-00C04F79EFBC}") = "BFU_Vecka1_05", "BFU_Vecka1_05\BFU_Vecka1_05.csproj", "{4885E94C-3926-40F8-ABD0-1D0A8B3A6810}"
EndProject
Global
	GlobalSection(SolutionConfigurationPlatforms) = preSolution
		Debug|Any CPU = Debug|Any CPU
		Release|Any CPU = Release|Any CPU
	EndGlobalSection
	GlobalSection(ProjectConfigurationPlatforms) = postSolution
		{4885E94C-3926-40F8-ABD0-1D0A8B3A6810}.Debug|Any CPU.ActiveCfg = Debug|Any CPU
		{4885E94C-3926-40F8-ABD0-1D0A8B3A6810}.Debug|Any CPU.Build.0 = Debug|Any CPU
		{4885E94C-3926-40F8-ABD0-1D0A8B3A6810}.Release|Any CPU.ActiveCfg = Release|Any CPU
		{4885E94C-3926-40F8-ABD0-1D0A8B3A6810}.Release|Any CPU.Build.0 = Release|Any CPU
	EndGlobalSection
	GlobalSection(SolutionProperties) = preSolution
		HideSolutionNode = FALSE
	EndGlobalSection
	GlobalSection(ExtensibilityGlobals) = postSolution
		SolutionGuid = {A4BAF261-CDD1-4945-B0D6-AE0F7670FD7A}
	EndGlobalSection
EndGlobal
