
Microsoft Visual Studio Solution File, Format Version 12.00
# Visual Studio Version 17
VisualStudioVersion = 17.0.32014.148
MinimumVisualStudioVersion = 10.0.40219.1
Project("{9A19103F-16F7-4668-BE54-9A1E7A4F7556}") = "EF-inlämning-2", "EF-inlämning-2.csproj", "{2DCEC6D7-1626-434B-8E46-32895463951E}"
EndProject
Global
	GlobalSection(SolutionConfigurationPlatforms) = preSolution
		Debug|Any CPU = Debug|Any CPU
		Release|Any CPU = Release|Any CPU
	EndGlobalSection
	GlobalSection(ProjectConfigurationPlatforms) = postSolution
		{2DCEC6D7-1626-434B-8E46-32895463951E}.Debug|Any CPU.ActiveCfg = Debug|Any CPU
		{2DCEC6D7-1626-434B-8E46-32895463951E}.Debug|Any CPU.Build.0 = Debug|Any CPU
		{2DCEC6D7-1626-434B-8E46-32895463951E}.Release|Any CPU.ActiveCfg = Release|Any CPU
		{2DCEC6D7-1626-434B-8E46-32895463951E}.Release|Any CPU.Build.0 = Release|Any CPU
	EndGlobalSection
	GlobalSection(SolutionProperties) = preSolution
		HideSolutionNode = FALSE
	EndGlobalSection
	GlobalSection(ExtensibilityGlobals) = postSolution
		SolutionGuid = {2ADBEDFF-CE59-4C0C-80B3-34734AD76C5C}
	EndGlobalSection
EndGlobal
