
Microsoft Visual Studio Solution File, Format Version 12.00
# Visual Studio Version 16
VisualStudioVersion = 16.0.31702.278
MinimumVisualStudioVersion = 10.0.40219.1
Project("{FAE04EC0-301F-11D3-BF4B-00C04F79EFBC}") = "BFU_V3_Demo1", "BFU_V3_Demo1\BFU_V3_Demo1.csproj", "{29EB4BA1-1CE1-455F-AE8B-A58BAF850264}"
EndProject
Global
	GlobalSection(SolutionConfigurationPlatforms) = preSolution
		Debug|Any CPU = Debug|Any CPU
		Release|Any CPU = Release|Any CPU
	EndGlobalSection
	GlobalSection(ProjectConfigurationPlatforms) = postSolution
		{29EB4BA1-1CE1-455F-AE8B-A58BAF850264}.Debug|Any CPU.ActiveCfg = Debug|Any CPU
		{29EB4BA1-1CE1-455F-AE8B-A58BAF850264}.Debug|Any CPU.Build.0 = Debug|Any CPU
		{29EB4BA1-1CE1-455F-AE8B-A58BAF850264}.Release|Any CPU.ActiveCfg = Release|Any CPU
		{29EB4BA1-1CE1-455F-AE8B-A58BAF850264}.Release|Any CPU.Build.0 = Release|Any CPU
	EndGlobalSection
	GlobalSection(SolutionProperties) = preSolution
		HideSolutionNode = FALSE
	EndGlobalSection
	GlobalSection(ExtensibilityGlobals) = postSolution
		SolutionGuid = {0575907F-7C95-4073-A8DC-42FADFA3FEB8}
	EndGlobalSection
EndGlobal
