
Microsoft Visual Studio Solution File, Format Version 12.00
# Visual Studio Version 16
VisualStudioVersion = 16.0.31702.278
MinimumVisualStudioVersion = 10.0.40219.1
Project("{9A19103F-16F7-4668-BE54-9A1E7A4F7556}") = "Temperature", "Temperature\Temperature.csproj", "{67C134FA-9240-4332-A191-4FFBFB7177A9}"
EndProject
Global
	GlobalSection(SolutionConfigurationPlatforms) = preSolution
		Debug|Any CPU = Debug|Any CPU
		Release|Any CPU = Release|Any CPU
	EndGlobalSection
	GlobalSection(ProjectConfigurationPlatforms) = postSolution
		{67C134FA-9240-4332-A191-4FFBFB7177A9}.Debug|Any CPU.ActiveCfg = Debug|Any CPU
		{67C134FA-9240-4332-A191-4FFBFB7177A9}.Debug|Any CPU.Build.0 = Debug|Any CPU
		{67C134FA-9240-4332-A191-4FFBFB7177A9}.Release|Any CPU.ActiveCfg = Release|Any CPU
		{67C134FA-9240-4332-A191-4FFBFB7177A9}.Release|Any CPU.Build.0 = Release|Any CPU
	EndGlobalSection
	GlobalSection(SolutionProperties) = preSolution
		HideSolutionNode = FALSE
	EndGlobalSection
	GlobalSection(ExtensibilityGlobals) = postSolution
		SolutionGuid = {27C0B375-2AED-4C4C-9A4E-010FD70E35D0}
	EndGlobalSection
EndGlobal
