
Microsoft Visual Studio Solution File, Format Version 12.00
# Visual Studio Version 16
VisualStudioVersion = 16.0.31702.278
MinimumVisualStudioVersion = 10.0.40219.1
Project("{FAE04EC0-301F-11D3-BF4B-00C04F79EFBC}") = "TryCatch", "TryCatch\TryCatch.csproj", "{BC0FA044-EB77-4A13-9238-C04A6514981A}"
EndProject
Global
	GlobalSection(SolutionConfigurationPlatforms) = preSolution
		Debug|Any CPU = Debug|Any CPU
		Release|Any CPU = Release|Any CPU
	EndGlobalSection
	GlobalSection(ProjectConfigurationPlatforms) = postSolution
		{BC0FA044-EB77-4A13-9238-C04A6514981A}.Debug|Any CPU.ActiveCfg = Debug|Any CPU
		{BC0FA044-EB77-4A13-9238-C04A6514981A}.Debug|Any CPU.Build.0 = Debug|Any CPU
		{BC0FA044-EB77-4A13-9238-C04A6514981A}.Release|Any CPU.ActiveCfg = Release|Any CPU
		{BC0FA044-EB77-4A13-9238-C04A6514981A}.Release|Any CPU.Build.0 = Release|Any CPU
	EndGlobalSection
	GlobalSection(SolutionProperties) = preSolution
		HideSolutionNode = FALSE
	EndGlobalSection
	GlobalSection(ExtensibilityGlobals) = postSolution
		SolutionGuid = {3FE3F466-88A9-4874-B8EA-5C37120D15A1}
	EndGlobalSection
EndGlobal
