
Microsoft Visual Studio Solution File, Format Version 12.00
# Visual Studio Version 17
VisualStudioVersion = 17.0.32112.339
MinimumVisualStudioVersion = 10.0.40219.1
Project("{9A19103F-16F7-4668-BE54-9A1E7A4F7556}") = "XmasDayCounter", "XmasDayCounter\XmasDayCounter.csproj", "{0E7419DF-7FFE-4FB9-8E1C-3C8EB996CBA3}"
EndProject
Project("{FAE04EC0-301F-11D3-BF4B-00C04F79EFBC}") = "SpecFlowProject2", "SpecFlowProject2\SpecFlowProject2.csproj", "{D8CCC1A8-8CF6-495B-940A-D0D1D28DF5BC}"
EndProject
Global
	GlobalSection(SolutionConfigurationPlatforms) = preSolution
		Debug|Any CPU = Debug|Any CPU
		Release|Any CPU = Release|Any CPU
	EndGlobalSection
	GlobalSection(ProjectConfigurationPlatforms) = postSolution
		{0E7419DF-7FFE-4FB9-8E1C-3C8EB996CBA3}.Debug|Any CPU.ActiveCfg = Debug|Any CPU
		{0E7419DF-7FFE-4FB9-8E1C-3C8EB996CBA3}.Debug|Any CPU.Build.0 = Debug|Any CPU
		{0E7419DF-7FFE-4FB9-8E1C-3C8EB996CBA3}.Release|Any CPU.ActiveCfg = Release|Any CPU
		{0E7419DF-7FFE-4FB9-8E1C-3C8EB996CBA3}.Release|Any CPU.Build.0 = Release|Any CPU
		{D8CCC1A8-8CF6-495B-940A-D0D1D28DF5BC}.Debug|Any CPU.ActiveCfg = Debug|Any CPU
		{D8CCC1A8-8CF6-495B-940A-D0D1D28DF5BC}.Debug|Any CPU.Build.0 = Debug|Any CPU
		{D8CCC1A8-8CF6-495B-940A-D0D1D28DF5BC}.Release|Any CPU.ActiveCfg = Release|Any CPU
		{D8CCC1A8-8CF6-495B-940A-D0D1D28DF5BC}.Release|Any CPU.Build.0 = Release|Any CPU
	EndGlobalSection
	GlobalSection(SolutionProperties) = preSolution
		HideSolutionNode = FALSE
	EndGlobalSection
	GlobalSection(ExtensibilityGlobals) = postSolution
		SolutionGuid = {A7B13F5C-3916-468B-AF49-3313E8820666}
	EndGlobalSection
EndGlobal
