
Microsoft Visual Studio Solution File, Format Version 12.00
# Visual Studio Version 16
VisualStudioVersion = 16.0.31624.102
MinimumVisualStudioVersion = 10.0.40219.1
Project("{FAE04EC0-301F-11D3-BF4B-00C04F79EFBC}") = "ShoppingLista", "ShoppingLista\ShoppingLista.csproj", "{116997CA-C5A5-4033-BC3C-F6BD980EB70B}"
EndProject
Global
	GlobalSection(SolutionConfigurationPlatforms) = preSolution
		Debug|Any CPU = Debug|Any CPU
		Release|Any CPU = Release|Any CPU
	EndGlobalSection
	GlobalSection(ProjectConfigurationPlatforms) = postSolution
		{116997CA-C5A5-4033-BC3C-F6BD980EB70B}.Debug|Any CPU.ActiveCfg = Debug|Any CPU
		{116997CA-C5A5-4033-BC3C-F6BD980EB70B}.Debug|Any CPU.Build.0 = Debug|Any CPU
		{116997CA-C5A5-4033-BC3C-F6BD980EB70B}.Release|Any CPU.ActiveCfg = Release|Any CPU
		{116997CA-C5A5-4033-BC3C-F6BD980EB70B}.Release|Any CPU.Build.0 = Release|Any CPU
	EndGlobalSection
	GlobalSection(SolutionProperties) = preSolution
		HideSolutionNode = FALSE
	EndGlobalSection
	GlobalSection(ExtensibilityGlobals) = postSolution
		SolutionGuid = {C29443E9-F1A8-4727-95DA-DC1AA5FDF652}
	EndGlobalSection
EndGlobal
