
Microsoft Visual Studio Solution File, Format Version 12.00
# Visual Studio Version 17
VisualStudioVersion = 17.0.31912.275
MinimumVisualStudioVersion = 10.0.40219.1
Project("{FAE04EC0-301F-11D3-BF4B-00C04F79EFBC}") = "SimpleBuilder", "SimpleBuilder\SimpleBuilder.csproj", "{91161336-702A-41A4-8EE2-47DB20C79D0D}"
EndProject
Global
	GlobalSection(SolutionConfigurationPlatforms) = preSolution
		Debug|Any CPU = Debug|Any CPU
		Release|Any CPU = Release|Any CPU
	EndGlobalSection
	GlobalSection(ProjectConfigurationPlatforms) = postSolution
		{91161336-702A-41A4-8EE2-47DB20C79D0D}.Debug|Any CPU.ActiveCfg = Debug|Any CPU
		{91161336-702A-41A4-8EE2-47DB20C79D0D}.Debug|Any CPU.Build.0 = Debug|Any CPU
		{91161336-702A-41A4-8EE2-47DB20C79D0D}.Release|Any CPU.ActiveCfg = Release|Any CPU
		{91161336-702A-41A4-8EE2-47DB20C79D0D}.Release|Any CPU.Build.0 = Release|Any CPU
	EndGlobalSection
	GlobalSection(SolutionProperties) = preSolution
		HideSolutionNode = FALSE
	EndGlobalSection
	GlobalSection(ExtensibilityGlobals) = postSolution
		SolutionGuid = {35989496-3DF6-4F0B-A246-44B84E007751}
	EndGlobalSection
EndGlobal
