
Microsoft Visual Studio Solution File, Format Version 12.00
# Visual Studio Version 17
VisualStudioVersion = 17.0.31903.59
MinimumVisualStudioVersion = 10.0.40219.1
Project("{FAE04EC0-301F-11D3-BF4B-00C04F79EFBC}") = "CSharpochDB_01", "CSharpochDB_01\CSharpochDB_01.csproj", "{320564E7-7FB0-4BED-A350-8D8E7DBC9B24}"
EndProject
Global
	GlobalSection(SolutionConfigurationPlatforms) = preSolution
		Debug|Any CPU = Debug|Any CPU
		Release|Any CPU = Release|Any CPU
	EndGlobalSection
	GlobalSection(ProjectConfigurationPlatforms) = postSolution
		{320564E7-7FB0-4BED-A350-8D8E7DBC9B24}.Debug|Any CPU.ActiveCfg = Debug|Any CPU
		{320564E7-7FB0-4BED-A350-8D8E7DBC9B24}.Debug|Any CPU.Build.0 = Debug|Any CPU
		{320564E7-7FB0-4BED-A350-8D8E7DBC9B24}.Release|Any CPU.ActiveCfg = Release|Any CPU
		{320564E7-7FB0-4BED-A350-8D8E7DBC9B24}.Release|Any CPU.Build.0 = Release|Any CPU
	EndGlobalSection
	GlobalSection(SolutionProperties) = preSolution
		HideSolutionNode = FALSE
	EndGlobalSection
	GlobalSection(ExtensibilityGlobals) = postSolution
		SolutionGuid = {338B4B86-871D-416F-A073-B3BEA461F3A2}
	EndGlobalSection
EndGlobal
