
Microsoft Visual Studio Solution File, Format Version 12.00
# Visual Studio Version 16
VisualStudioVersion = 16.0.31624.102
MinimumVisualStudioVersion = 10.0.40219.1
Project("{9A19103F-16F7-4668-BE54-9A1E7A4F7556}") = "ListExempel", "ListExempel\ListExempel.csproj", "{A4F333CF-B6D9-401C-9248-BC156FA820FF}"
EndProject
Project("{9A19103F-16F7-4668-BE54-9A1E7A4F7556}") = "GanericStringList", "GanericStringList\GanericStringList.csproj", "{9FB018DC-2EB3-4769-9440-96307193A9CF}"
EndProject
Project("{9A19103F-16F7-4668-BE54-9A1E7A4F7556}") = "StringListDemo", "StringListDemo\StringListDemo.csproj", "{CCDF1373-B4CA-4119-A1A7-95342549D69C}"
EndProject
Project("{9A19103F-16F7-4668-BE54-9A1E7A4F7556}") = "ArrayListDemo", "ArrayListDemo\ArrayListDemo.csproj", "{AE8BEE4C-7269-4DB3-AD75-96F104583772}"
EndProject
Project("{9A19103F-16F7-4668-BE54-9A1E7A4F7556}") = "QueueDemo", "QueueDemo\QueueDemo.csproj", "{4DDBE2C9-C9D9-41D1-949F-94368C088ED9}"
EndProject
Project("{FAE04EC0-301F-11D3-BF4B-00C04F79EFBC}") = "StackDemo", "StackDemo\StackDemo.csproj", "{4E3A1DF3-955B-4AC1-9CF5-78E4E15B7510}"
EndProject
Global
	GlobalSection(SolutionConfigurationPlatforms) = preSolution
		Debug|Any CPU = Debug|Any CPU
		Release|Any CPU = Release|Any CPU
	EndGlobalSection
	GlobalSection(ProjectConfigurationPlatforms) = postSolution
		{A4F333CF-B6D9-401C-9248-BC156FA820FF}.Debug|Any CPU.ActiveCfg = Debug|Any CPU
		{A4F333CF-B6D9-401C-9248-BC156FA820FF}.Debug|Any CPU.Build.0 = Debug|Any CPU
		{A4F333CF-B6D9-401C-9248-BC156FA820FF}.Release|Any CPU.ActiveCfg = Release|Any CPU
		{A4F333CF-B6D9-401C-9248-BC156FA820FF}.Release|Any CPU.Build.0 = Release|Any CPU
		{9FB018DC-2EB3-4769-9440-96307193A9CF}.Debug|Any CPU.ActiveCfg = Debug|Any CPU
		{9FB018DC-2EB3-4769-9440-96307193A9CF}.Debug|Any CPU.Build.0 = Debug|Any CPU
		{9FB018DC-2EB3-4769-9440-96307193A9CF}.Release|Any CPU.ActiveCfg = Release|Any CPU
		{9FB018DC-2EB3-4769-9440-96307193A9CF}.Release|Any CPU.Build.0 = Release|Any CPU
		{CCDF1373-B4CA-4119-A1A7-95342549D69C}.Debug|Any CPU.ActiveCfg = Debug|Any CPU
		{CCDF1373-B4CA-4119-A1A7-95342549D69C}.Debug|Any CPU.Build.0 = Debug|Any CPU
		{CCDF1373-B4CA-4119-A1A7-95342549D69C}.Release|Any CPU.ActiveCfg = Release|Any CPU
		{CCDF1373-B4CA-4119-A1A7-95342549D69C}.Release|Any CPU.Build.0 = Release|Any CPU
		{AE8BEE4C-7269-4DB3-AD75-96F104583772}.Debug|Any CPU.ActiveCfg = Debug|Any CPU
		{AE8BEE4C-7269-4DB3-AD75-96F104583772}.Debug|Any CPU.Build.0 = Debug|Any CPU
		{AE8BEE4C-7269-4DB3-AD75-96F104583772}.Release|Any CPU.ActiveCfg = Release|Any CPU
		{AE8BEE4C-7269-4DB3-AD75-96F104583772}.Release|Any CPU.Build.0 = Release|Any CPU
		{4DDBE2C9-C9D9-41D1-949F-94368C088ED9}.Debug|Any CPU.ActiveCfg = Debug|Any CPU
		{4DDBE2C9-C9D9-41D1-949F-94368C088ED9}.Debug|Any CPU.Build.0 = Debug|Any CPU
		{4DDBE2C9-C9D9-41D1-949F-94368C088ED9}.Release|Any CPU.ActiveCfg = Release|Any CPU
		{4DDBE2C9-C9D9-41D1-949F-94368C088ED9}.Release|Any CPU.Build.0 = Release|Any CPU
		{4E3A1DF3-955B-4AC1-9CF5-78E4E15B7510}.Debug|Any CPU.ActiveCfg = Debug|Any CPU
		{4E3A1DF3-955B-4AC1-9CF5-78E4E15B7510}.Debug|Any CPU.Build.0 = Debug|Any CPU
		{4E3A1DF3-955B-4AC1-9CF5-78E4E15B7510}.Release|Any CPU.ActiveCfg = Release|Any CPU
		{4E3A1DF3-955B-4AC1-9CF5-78E4E15B7510}.Release|Any CPU.Build.0 = Release|Any CPU
	EndGlobalSection
	GlobalSection(SolutionProperties) = preSolution
		HideSolutionNode = FALSE
	EndGlobalSection
	GlobalSection(ExtensibilityGlobals) = postSolution
		SolutionGuid = {D2F39E3D-0116-4F39-BBCC-7480FB2A6E10}
	EndGlobalSection
EndGlobal
