
Microsoft Visual Studio Solution File, Format Version 12.00
# Visual Studio Version 16
VisualStudioVersion = 16.0.31702.278
MinimumVisualStudioVersion = 10.0.40219.1
Project("{FAE04EC0-301F-11D3-BF4B-00C04F79EFBC}") = "Inlämningsuppgift1.1", "Inlämningsuppgift1.1.csproj", "{6022F380-9FA4-4DCB-A62E-7D34F63AB7E6}"
EndProject
Global
	GlobalSection(SolutionConfigurationPlatforms) = preSolution
		Debug|Any CPU = Debug|Any CPU
		Release|Any CPU = Release|Any CPU
	EndGlobalSection
	GlobalSection(ProjectConfigurationPlatforms) = postSolution
		{6022F380-9FA4-4DCB-A62E-7D34F63AB7E6}.Debug|Any CPU.ActiveCfg = Debug|Any CPU
		{6022F380-9FA4-4DCB-A62E-7D34F63AB7E6}.Debug|Any CPU.Build.0 = Debug|Any CPU
		{6022F380-9FA4-4DCB-A62E-7D34F63AB7E6}.Release|Any CPU.ActiveCfg = Release|Any CPU
		{6022F380-9FA4-4DCB-A62E-7D34F63AB7E6}.Release|Any CPU.Build.0 = Release|Any CPU
	EndGlobalSection
	GlobalSection(SolutionProperties) = preSolution
		HideSolutionNode = FALSE
	EndGlobalSection
	GlobalSection(ExtensibilityGlobals) = postSolution
		SolutionGuid = {B340448A-2BA6-46C9-8115-AE91C65637CC}
	EndGlobalSection
EndGlobal
