
Microsoft Visual Studio Solution File, Format Version 12.00
# Visual Studio Version 17
VisualStudioVersion = 17.0.31903.59
MinimumVisualStudioVersion = 10.0.40219.1
Project("{FAE04EC0-301F-11D3-BF4B-00C04F79EFBC}") = "OOA-Inlamning1", "OOA-Inlamning1\OOA-Inlamning1.csproj", "{8D1A721D-AE52-4B5A-9711-C3A86C408C23}"
EndProject
Global
	GlobalSection(SolutionConfigurationPlatforms) = preSolution
		Debug|Any CPU = Debug|Any CPU
		Release|Any CPU = Release|Any CPU
	EndGlobalSection
	GlobalSection(ProjectConfigurationPlatforms) = postSolution
		{8D1A721D-AE52-4B5A-9711-C3A86C408C23}.Debug|Any CPU.ActiveCfg = Debug|Any CPU
		{8D1A721D-AE52-4B5A-9711-C3A86C408C23}.Debug|Any CPU.Build.0 = Debug|Any CPU
		{8D1A721D-AE52-4B5A-9711-C3A86C408C23}.Release|Any CPU.ActiveCfg = Release|Any CPU
		{8D1A721D-AE52-4B5A-9711-C3A86C408C23}.Release|Any CPU.Build.0 = Release|Any CPU
	EndGlobalSection
	GlobalSection(SolutionProperties) = preSolution
		HideSolutionNode = FALSE
	EndGlobalSection
	GlobalSection(ExtensibilityGlobals) = postSolution
		SolutionGuid = {EFF1C621-4ACD-4154-8AD9-1AA228E128BB}
	EndGlobalSection
EndGlobal
