
Microsoft Visual Studio Solution File, Format Version 12.00
# Visual Studio Version 16
VisualStudioVersion = 16.0.31624.102
MinimumVisualStudioVersion = 10.0.40219.1
Project("{FAE04EC0-301F-11D3-BF4B-00C04F79EFBC}") = "MonoSquares", "MonoSquares\MonoSquares.csproj", "{1BF35FD7-70D0-4362-ACD3-9F7CAAB992AE}"
EndProject
Global
	GlobalSection(SolutionConfigurationPlatforms) = preSolution
		Debug|Any CPU = Debug|Any CPU
		Release|Any CPU = Release|Any CPU
	EndGlobalSection
	GlobalSection(ProjectConfigurationPlatforms) = postSolution
		{1BF35FD7-70D0-4362-ACD3-9F7CAAB992AE}.Debug|Any CPU.ActiveCfg = Debug|Any CPU
		{1BF35FD7-70D0-4362-ACD3-9F7CAAB992AE}.Debug|Any CPU.Build.0 = Debug|Any CPU
		{1BF35FD7-70D0-4362-ACD3-9F7CAAB992AE}.Release|Any CPU.ActiveCfg = Release|Any CPU
		{1BF35FD7-70D0-4362-ACD3-9F7CAAB992AE}.Release|Any CPU.Build.0 = Release|Any CPU
	EndGlobalSection
	GlobalSection(SolutionProperties) = preSolution
		HideSolutionNode = FALSE
	EndGlobalSection
	GlobalSection(ExtensibilityGlobals) = postSolution
		SolutionGuid = {FDBAE52C-670F-4903-A01E-89514135F10B}
	EndGlobalSection
EndGlobal
