
Microsoft Visual Studio Solution File, Format Version 12.00
# Visual Studio Version 16
VisualStudioVersion = 16.0.31729.503
MinimumVisualStudioVersion = 10.0.40219.1
Project("{FAE04EC0-301F-11D3-BF4B-00C04F79EFBC}") = "ClassRepetition-20211025", "ClassRepetition-20211025\ClassRepetition-20211025.csproj", "{05D580C4-57C8-443A-8D6A-9F53B7668A97}"
EndProject
Global
	GlobalSection(SolutionConfigurationPlatforms) = preSolution
		Debug|Any CPU = Debug|Any CPU
		Release|Any CPU = Release|Any CPU
	EndGlobalSection
	GlobalSection(ProjectConfigurationPlatforms) = postSolution
		{05D580C4-57C8-443A-8D6A-9F53B7668A97}.Debug|Any CPU.ActiveCfg = Debug|Any CPU
		{05D580C4-57C8-443A-8D6A-9F53B7668A97}.Debug|Any CPU.Build.0 = Debug|Any CPU
		{05D580C4-57C8-443A-8D6A-9F53B7668A97}.Release|Any CPU.ActiveCfg = Release|Any CPU
		{05D580C4-57C8-443A-8D6A-9F53B7668A97}.Release|Any CPU.Build.0 = Release|Any CPU
	EndGlobalSection
	GlobalSection(SolutionProperties) = preSolution
		HideSolutionNode = FALSE
	EndGlobalSection
	GlobalSection(ExtensibilityGlobals) = postSolution
		SolutionGuid = {64ABEB06-F514-4421-9285-FA85C3B8F674}
	EndGlobalSection
EndGlobal
