
Microsoft Visual Studio Solution File, Format Version 12.00
# Visual Studio Version 16
VisualStudioVersion = 16.0.31702.278
MinimumVisualStudioVersion = 10.0.40219.1
Project("{9A19103F-16F7-4668-BE54-9A1E7A4F7556}") = "Polymorfism_Livekod211011", "Polymorfism_Livekod211011\Polymorfism_Livekod211011.csproj", "{42FED54D-F0AC-415F-AD1E-8CB24F701610}"
EndProject
Global
	GlobalSection(SolutionConfigurationPlatforms) = preSolution
		Debug|Any CPU = Debug|Any CPU
		Release|Any CPU = Release|Any CPU
	EndGlobalSection
	GlobalSection(ProjectConfigurationPlatforms) = postSolution
		{42FED54D-F0AC-415F-AD1E-8CB24F701610}.Debug|Any CPU.ActiveCfg = Debug|Any CPU
		{42FED54D-F0AC-415F-AD1E-8CB24F701610}.Debug|Any CPU.Build.0 = Debug|Any CPU
		{42FED54D-F0AC-415F-AD1E-8CB24F701610}.Release|Any CPU.ActiveCfg = Release|Any CPU
		{42FED54D-F0AC-415F-AD1E-8CB24F701610}.Release|Any CPU.Build.0 = Release|Any CPU
	EndGlobalSection
	GlobalSection(SolutionProperties) = preSolution
		HideSolutionNode = FALSE
	EndGlobalSection
	GlobalSection(ExtensibilityGlobals) = postSolution
		SolutionGuid = {C58319E9-87BF-497A-A399-1DF1806034A2}
	EndGlobalSection
EndGlobal
