
Microsoft Visual Studio Solution File, Format Version 12.00
# Visual Studio Version 16
VisualStudioVersion = 16.0.31624.102
MinimumVisualStudioVersion = 10.0.40219.1
Project("{9A19103F-16F7-4668-BE54-9A1E7A4F7556}") = "Iterationer", "Iterationer\Iterationer.csproj", "{146A4FCA-762D-4855-9F09-38F50CC635F8}"
EndProject
Project("{9A19103F-16F7-4668-BE54-9A1E7A4F7556}") = "WhileDemo", "WhileDemo\WhileDemo.csproj", "{56FD9523-7FA2-4F56-95AE-739238B14CF7}"
EndProject
Project("{9A19103F-16F7-4668-BE54-9A1E7A4F7556}") = "DoWhile", "DoWhile\DoWhile.csproj", "{83B64E0A-D4EE-451C-8403-BAEA3F54DD08}"
EndProject
Project("{FAE04EC0-301F-11D3-BF4B-00C04F79EFBC}") = "ForLoopDemo", "ForLoopDemo\ForLoopDemo.csproj", "{6416DADD-F33F-460C-9533-4A320EFAC44B}"
EndProject
Project("{FAE04EC0-301F-11D3-BF4B-00C04F79EFBC}") = "ForEach", "ForEach\ForEach.csproj", "{3A429176-F551-4FF2-ACAC-78304D7A9C80}"
EndProject
Global
	GlobalSection(SolutionConfigurationPlatforms) = preSolution
		Debug|Any CPU = Debug|Any CPU
		Release|Any CPU = Release|Any CPU
	EndGlobalSection
	GlobalSection(ProjectConfigurationPlatforms) = postSolution
		{146A4FCA-762D-4855-9F09-38F50CC635F8}.Debug|Any CPU.ActiveCfg = Debug|Any CPU
		{146A4FCA-762D-4855-9F09-38F50CC635F8}.Debug|Any CPU.Build.0 = Debug|Any CPU
		{146A4FCA-762D-4855-9F09-38F50CC635F8}.Release|Any CPU.ActiveCfg = Release|Any CPU
		{146A4FCA-762D-4855-9F09-38F50CC635F8}.Release|Any CPU.Build.0 = Release|Any CPU
		{56FD9523-7FA2-4F56-95AE-739238B14CF7}.Debug|Any CPU.ActiveCfg = Debug|Any CPU
		{56FD9523-7FA2-4F56-95AE-739238B14CF7}.Debug|Any CPU.Build.0 = Debug|Any CPU
		{56FD9523-7FA2-4F56-95AE-739238B14CF7}.Release|Any CPU.ActiveCfg = Release|Any CPU
		{56FD9523-7FA2-4F56-95AE-739238B14CF7}.Release|Any CPU.Build.0 = Release|Any CPU
		{83B64E0A-D4EE-451C-8403-BAEA3F54DD08}.Debug|Any CPU.ActiveCfg = Debug|Any CPU
		{83B64E0A-D4EE-451C-8403-BAEA3F54DD08}.Debug|Any CPU.Build.0 = Debug|Any CPU
		{83B64E0A-D4EE-451C-8403-BAEA3F54DD08}.Release|Any CPU.ActiveCfg = Release|Any CPU
		{83B64E0A-D4EE-451C-8403-BAEA3F54DD08}.Release|Any CPU.Build.0 = Release|Any CPU
		{6416DADD-F33F-460C-9533-4A320EFAC44B}.Debug|Any CPU.ActiveCfg = Debug|Any CPU
		{6416DADD-F33F-460C-9533-4A320EFAC44B}.Debug|Any CPU.Build.0 = Debug|Any CPU
		{6416DADD-F33F-460C-9533-4A320EFAC44B}.Release|Any CPU.ActiveCfg = Release|Any CPU
		{6416DADD-F33F-460C-9533-4A320EFAC44B}.Release|Any CPU.Build.0 = Release|Any CPU
		{3A429176-F551-4FF2-ACAC-78304D7A9C80}.Debug|Any CPU.ActiveCfg = Debug|Any CPU
		{3A429176-F551-4FF2-ACAC-78304D7A9C80}.Debug|Any CPU.Build.0 = Debug|Any CPU
		{3A429176-F551-4FF2-ACAC-78304D7A9C80}.Release|Any CPU.ActiveCfg = Release|Any CPU
		{3A429176-F551-4FF2-ACAC-78304D7A9C80}.Release|Any CPU.Build.0 = Release|Any CPU
	EndGlobalSection
	GlobalSection(SolutionProperties) = preSolution
		HideSolutionNode = FALSE
	EndGlobalSection
	GlobalSection(ExtensibilityGlobals) = postSolution
		SolutionGuid = {A622B6B6-B543-42B4-8137-9DE4586138B3}
	EndGlobalSection
EndGlobal
