
Microsoft Visual Studio Solution File, Format Version 12.00
# Visual Studio Version 16
VisualStudioVersion = 16.0.31402.337
MinimumVisualStudioVersion = 10.0.40219.1
Project("{FAE04EC0-301F-11D3-BF4B-00C04F79EFBC}") = "Cirkelrörelse", "Cirkelrörelse\Cirkelrörelse.csproj", "{1E7701BA-B65E-450E-B871-A44B46441B77}"
EndProject
Global
	GlobalSection(SolutionConfigurationPlatforms) = preSolution
		Debug|Any CPU = Debug|Any CPU
		Release|Any CPU = Release|Any CPU
	EndGlobalSection
	GlobalSection(ProjectConfigurationPlatforms) = postSolution
		{1E7701BA-B65E-450E-B871-A44B46441B77}.Debug|Any CPU.ActiveCfg = Debug|Any CPU
		{1E7701BA-B65E-450E-B871-A44B46441B77}.Debug|Any CPU.Build.0 = Debug|Any CPU
		{1E7701BA-B65E-450E-B871-A44B46441B77}.Release|Any CPU.ActiveCfg = Release|Any CPU
		{1E7701BA-B65E-450E-B871-A44B46441B77}.Release|Any CPU.Build.0 = Release|Any CPU
	EndGlobalSection
	GlobalSection(SolutionProperties) = preSolution
		HideSolutionNode = FALSE
	EndGlobalSection
	GlobalSection(ExtensibilityGlobals) = postSolution
		SolutionGuid = {4A0B56E8-8C20-49F6-AB52-7BF054E97AF4}
	EndGlobalSection
EndGlobal
