
Microsoft Visual Studio Solution File, Format Version 12.00
# Visual Studio Version 16
VisualStudioVersion = 16.0.31911.196
MinimumVisualStudioVersion = 10.0.40219.1
Project("{FAE04EC0-301F-11D3-BF4B-00C04F79EFBC}") = "SQL_inlämning_1", "SQL_inlämning_1\SQL_inlämning_1.csproj", "{FC7F02A3-5AAF-49C8-A755-6796CFA1BEE9}"
EndProject
Global
	GlobalSection(SolutionConfigurationPlatforms) = preSolution
		Debug|Any CPU = Debug|Any CPU
		Release|Any CPU = Release|Any CPU
	EndGlobalSection
	GlobalSection(ProjectConfigurationPlatforms) = postSolution
		{FC7F02A3-5AAF-49C8-A755-6796CFA1BEE9}.Debug|Any CPU.ActiveCfg = Debug|Any CPU
		{FC7F02A3-5AAF-49C8-A755-6796CFA1BEE9}.Debug|Any CPU.Build.0 = Debug|Any CPU
		{FC7F02A3-5AAF-49C8-A755-6796CFA1BEE9}.Release|Any CPU.ActiveCfg = Release|Any CPU
		{FC7F02A3-5AAF-49C8-A755-6796CFA1BEE9}.Release|Any CPU.Build.0 = Release|Any CPU
	EndGlobalSection
	GlobalSection(SolutionProperties) = preSolution
		HideSolutionNode = FALSE
	EndGlobalSection
	GlobalSection(ExtensibilityGlobals) = postSolution
		SolutionGuid = {34A7217F-88AD-493D-B146-CD01A467C64B}
	EndGlobalSection
EndGlobal
