
Microsoft Visual Studio Solution File, Format Version 12.00
# Visual Studio Version 16
VisualStudioVersion = 16.0.31624.102
MinimumVisualStudioVersion = 10.0.40219.1
Project("{FAE04EC0-301F-11D3-BF4B-00C04F79EFBC}") = "Övning Kalender", "Övning Kalender\Övning Kalender.csproj", "{A8B1F5E9-40B1-4F9A-9637-D154A1385BF5}"
EndProject
Global
	GlobalSection(SolutionConfigurationPlatforms) = preSolution
		Debug|Any CPU = Debug|Any CPU
		Release|Any CPU = Release|Any CPU
	EndGlobalSection
	GlobalSection(ProjectConfigurationPlatforms) = postSolution
		{A8B1F5E9-40B1-4F9A-9637-D154A1385BF5}.Debug|Any CPU.ActiveCfg = Debug|Any CPU
		{A8B1F5E9-40B1-4F9A-9637-D154A1385BF5}.Debug|Any CPU.Build.0 = Debug|Any CPU
		{A8B1F5E9-40B1-4F9A-9637-D154A1385BF5}.Release|Any CPU.ActiveCfg = Release|Any CPU
		{A8B1F5E9-40B1-4F9A-9637-D154A1385BF5}.Release|Any CPU.Build.0 = Release|Any CPU
	EndGlobalSection
	GlobalSection(SolutionProperties) = preSolution
		HideSolutionNode = FALSE
	EndGlobalSection
	GlobalSection(ExtensibilityGlobals) = postSolution
		SolutionGuid = {3644F3E1-D72F-4669-8486-60D8106599B3}
	EndGlobalSection
EndGlobal
