
Microsoft Visual Studio Solution File, Format Version 12.00
# Visual Studio Version 16
VisualStudioVersion = 16.0.31624.102
MinimumVisualStudioVersion = 10.0.40219.1
Project("{9A19103F-16F7-4668-BE54-9A1E7A4F7556}") = "Övning 1 - First_last_and_always", "Arrayövningar\Övning 1 - First_last_and_always.csproj", "{682C3113-D62E-492E-AD6E-DC930B105D07}"
EndProject
Project("{9A19103F-16F7-4668-BE54-9A1E7A4F7556}") = "Övning 2 - 10 värden", "Övning 2 - 10 värden\Övning 2 - 10 värden.csproj", "{A24D38BB-F11F-45F5-BC13-27DCFF54F70C}"
EndProject
Project("{9A19103F-16F7-4668-BE54-9A1E7A4F7556}") = "Övning 3 - Omvänt namn", "Övning 3 - Omvänt namn\Övning 3 - Omvänt namn.csproj", "{82080B48-D2DC-4FE3-9CF7-B63132475BFA}"
EndProject
Project("{9A19103F-16F7-4668-BE54-9A1E7A4F7556}") = "Övning 4 - Swappie", "Övning 4 - Swappie\Övning 4 - Swappie.csproj", "{B6734288-407B-4267-9529-90C48B3CEA33}"
EndProject
Project("{9A19103F-16F7-4668-BE54-9A1E7A4F7556}") = "Övning 5 - Namnlista", "Övning 5 - Namnlista\Övning 5 - Namnlista.csproj", "{BEAF0481-2731-4695-8E67-D69EA3DA8802}"
EndProject
Project("{9A19103F-16F7-4668-BE54-9A1E7A4F7556}") = "Övning 6 - För liten array", "Övning 6 - För liten array\Övning 6 - För liten array.csproj", "{7A24405C-42C9-439D-BE8A-4B0AFB7870C4}"
EndProject
Project("{9A19103F-16F7-4668-BE54-9A1E7A4F7556}") = "Övning 7 - Spelkarta", "Övning 7 - Spelkarta\Övning 7 - Spelkarta.csproj", "{4CADD1B9-0806-484A-B737-0B82FA70EC08}"
EndProject
Project("{FAE04EC0-301F-11D3-BF4B-00C04F79EFBC}") = "Övning ADV 1 - Bubbelsort", "Övning ADV 1 - Bubbelsort\Övning ADV 1 - Bubbelsort.csproj", "{D2EBC1D7-F810-42AE-9219-E7E4EF6221AE}"
EndProject
Project("{FAE04EC0-301F-11D3-BF4B-00C04F79EFBC}") = "Övning ADV 2 - Bubbelsort 2", "Övning ADV 2 - Bubbelsort 2\Övning ADV 2 - Bubbelsort 2.csproj", "{F43D3151-D720-4D12-A50C-07BF9D622AAF}"
EndProject
Project("{FAE04EC0-301F-11D3-BF4B-00C04F79EFBC}") = "Övning ADV 3 - Luffarshack med korkad AI", "Övning ADV 3 - Luffarshack med korkad AI\Övning ADV 3 - Luffarshack med korkad AI.csproj", "{B7746F16-5CA9-4362-AFEA-966DC1013C18}"
EndProject
Global
	GlobalSection(SolutionConfigurationPlatforms) = preSolution
		Debug|Any CPU = Debug|Any CPU
		Release|Any CPU = Release|Any CPU
	EndGlobalSection
	GlobalSection(ProjectConfigurationPlatforms) = postSolution
		{682C3113-D62E-492E-AD6E-DC930B105D07}.Debug|Any CPU.ActiveCfg = Debug|Any CPU
		{682C3113-D62E-492E-AD6E-DC930B105D07}.Debug|Any CPU.Build.0 = Debug|Any CPU
		{682C3113-D62E-492E-AD6E-DC930B105D07}.Release|Any CPU.ActiveCfg = Release|Any CPU
		{682C3113-D62E-492E-AD6E-DC930B105D07}.Release|Any CPU.Build.0 = Release|Any CPU
		{A24D38BB-F11F-45F5-BC13-27DCFF54F70C}.Debug|Any CPU.ActiveCfg = Debug|Any CPU
		{A24D38BB-F11F-45F5-BC13-27DCFF54F70C}.Debug|Any CPU.Build.0 = Debug|Any CPU
		{A24D38BB-F11F-45F5-BC13-27DCFF54F70C}.Release|Any CPU.ActiveCfg = Release|Any CPU
		{A24D38BB-F11F-45F5-BC13-27DCFF54F70C}.Release|Any CPU.Build.0 = Release|Any CPU
		{82080B48-D2DC-4FE3-9CF7-B63132475BFA}.Debug|Any CPU.ActiveCfg = Debug|Any CPU
		{82080B48-D2DC-4FE3-9CF7-B63132475BFA}.Debug|Any CPU.Build.0 = Debug|Any CPU
		{82080B48-D2DC-4FE3-9CF7-B63132475BFA}.Release|Any CPU.ActiveCfg = Release|Any CPU
		{82080B48-D2DC-4FE3-9CF7-B63132475BFA}.Release|Any CPU.Build.0 = Release|Any CPU
		{B6734288-407B-4267-9529-90C48B3CEA33}.Debug|Any CPU.ActiveCfg = Debug|Any CPU
		{B6734288-407B-4267-9529-90C48B3CEA33}.Debug|Any CPU.Build.0 = Debug|Any CPU
		{B6734288-407B-4267-9529-90C48B3CEA33}.Release|Any CPU.ActiveCfg = Release|Any CPU
		{B6734288-407B-4267-9529-90C48B3CEA33}.Release|Any CPU.Build.0 = Release|Any CPU
		{BEAF0481-2731-4695-8E67-D69EA3DA8802}.Debug|Any CPU.ActiveCfg = Debug|Any CPU
		{BEAF0481-2731-4695-8E67-D69EA3DA8802}.Debug|Any CPU.Build.0 = Debug|Any CPU
		{BEAF0481-2731-4695-8E67-D69EA3DA8802}.Release|Any CPU.ActiveCfg = Release|Any CPU
		{BEAF0481-2731-4695-8E67-D69EA3DA8802}.Release|Any CPU.Build.0 = Release|Any CPU
		{7A24405C-42C9-439D-BE8A-4B0AFB7870C4}.Debug|Any CPU.ActiveCfg = Debug|Any CPU
		{7A24405C-42C9-439D-BE8A-4B0AFB7870C4}.Debug|Any CPU.Build.0 = Debug|Any CPU
		{7A24405C-42C9-439D-BE8A-4B0AFB7870C4}.Release|Any CPU.ActiveCfg = Release|Any CPU
		{7A24405C-42C9-439D-BE8A-4B0AFB7870C4}.Release|Any CPU.Build.0 = Release|Any CPU
		{4CADD1B9-0806-484A-B737-0B82FA70EC08}.Debug|Any CPU.ActiveCfg = Debug|Any CPU
		{4CADD1B9-0806-484A-B737-0B82FA70EC08}.Debug|Any CPU.Build.0 = Debug|Any CPU
		{4CADD1B9-0806-484A-B737-0B82FA70EC08}.Release|Any CPU.ActiveCfg = Release|Any CPU
		{4CADD1B9-0806-484A-B737-0B82FA70EC08}.Release|Any CPU.Build.0 = Release|Any CPU
		{D2EBC1D7-F810-42AE-9219-E7E4EF6221AE}.Debug|Any CPU.ActiveCfg = Debug|Any CPU
		{D2EBC1D7-F810-42AE-9219-E7E4EF6221AE}.Debug|Any CPU.Build.0 = Debug|Any CPU
		{D2EBC1D7-F810-42AE-9219-E7E4EF6221AE}.Release|Any CPU.ActiveCfg = Release|Any CPU
		{D2EBC1D7-F810-42AE-9219-E7E4EF6221AE}.Release|Any CPU.Build.0 = Release|Any CPU
		{F43D3151-D720-4D12-A50C-07BF9D622AAF}.Debug|Any CPU.ActiveCfg = Debug|Any CPU
		{F43D3151-D720-4D12-A50C-07BF9D622AAF}.Debug|Any CPU.Build.0 = Debug|Any CPU
		{F43D3151-D720-4D12-A50C-07BF9D622AAF}.Release|Any CPU.ActiveCfg = Release|Any CPU
		{F43D3151-D720-4D12-A50C-07BF9D622AAF}.Release|Any CPU.Build.0 = Release|Any CPU
		{B7746F16-5CA9-4362-AFEA-966DC1013C18}.Debug|Any CPU.ActiveCfg = Debug|Any CPU
		{B7746F16-5CA9-4362-AFEA-966DC1013C18}.Debug|Any CPU.Build.0 = Debug|Any CPU
		{B7746F16-5CA9-4362-AFEA-966DC1013C18}.Release|Any CPU.ActiveCfg = Release|Any CPU
		{B7746F16-5CA9-4362-AFEA-966DC1013C18}.Release|Any CPU.Build.0 = Release|Any CPU
	EndGlobalSection
	GlobalSection(SolutionProperties) = preSolution
		HideSolutionNode = FALSE
	EndGlobalSection
	GlobalSection(ExtensibilityGlobals) = postSolution
		SolutionGuid = {551DF8AE-FC2E-43CB-92E0-7FFA5E0032D5}
	EndGlobalSection
EndGlobal
