
Microsoft Visual Studio Solution File, Format Version 12.00
# Visual Studio Version 16
VisualStudioVersion = 16.0.31702.278
MinimumVisualStudioVersion = 10.0.40219.1
Project("{FAE04EC0-301F-11D3-BF4B-00C04F79EFBC}") = "OOPDemo1", "OOPDemo1\OOPDemo1.csproj", "{47487017-A467-45C7-92A3-EE6D12DE575F}"
EndProject
Project("{FAE04EC0-301F-11D3-BF4B-00C04F79EFBC}") = "OOPDemo2", "OOPDemo2\OOPDemo2.csproj", "{F1604FEE-ED24-414F-BF4B-BEEC944943D5}"
EndProject
Project("{FAE04EC0-301F-11D3-BF4B-00C04F79EFBC}") = "OOPDemo3", "OOPDemo3\OOPDemo3.csproj", "{54527981-CDF1-4FA7-AFE0-E68FBE986BF8}"
EndProject
Global
	GlobalSection(SolutionConfigurationPlatforms) = preSolution
		Debug|Any CPU = Debug|Any CPU
		Release|Any CPU = Release|Any CPU
	EndGlobalSection
	GlobalSection(ProjectConfigurationPlatforms) = postSolution
		{47487017-A467-45C7-92A3-EE6D12DE575F}.Debug|Any CPU.ActiveCfg = Debug|Any CPU
		{47487017-A467-45C7-92A3-EE6D12DE575F}.Debug|Any CPU.Build.0 = Debug|Any CPU
		{47487017-A467-45C7-92A3-EE6D12DE575F}.Release|Any CPU.ActiveCfg = Release|Any CPU
		{47487017-A467-45C7-92A3-EE6D12DE575F}.Release|Any CPU.Build.0 = Release|Any CPU
		{F1604FEE-ED24-414F-BF4B-BEEC944943D5}.Debug|Any CPU.ActiveCfg = Debug|Any CPU
		{F1604FEE-ED24-414F-BF4B-BEEC944943D5}.Debug|Any CPU.Build.0 = Debug|Any CPU
		{F1604FEE-ED24-414F-BF4B-BEEC944943D5}.Release|Any CPU.ActiveCfg = Release|Any CPU
		{F1604FEE-ED24-414F-BF4B-BEEC944943D5}.Release|Any CPU.Build.0 = Release|Any CPU
		{54527981-CDF1-4FA7-AFE0-E68FBE986BF8}.Debug|Any CPU.ActiveCfg = Debug|Any CPU
		{54527981-CDF1-4FA7-AFE0-E68FBE986BF8}.Debug|Any CPU.Build.0 = Debug|Any CPU
		{54527981-CDF1-4FA7-AFE0-E68FBE986BF8}.Release|Any CPU.ActiveCfg = Release|Any CPU
		{54527981-CDF1-4FA7-AFE0-E68FBE986BF8}.Release|Any CPU.Build.0 = Release|Any CPU
	EndGlobalSection
	GlobalSection(SolutionProperties) = preSolution
		HideSolutionNode = FALSE
	EndGlobalSection
	GlobalSection(ExtensibilityGlobals) = postSolution
		SolutionGuid = {87D12267-9EFF-41EA-9E30-E73BF9FD1DE7}
	EndGlobalSection
EndGlobal
