
Microsoft Visual Studio Solution File, Format Version 12.00
# Visual Studio Version 16
VisualStudioVersion = 16.0.31624.102
MinimumVisualStudioVersion = 10.0.40219.1
Project("{FAE04EC0-301F-11D3-BF4B-00C04F79EFBC}") = "Genealogy_Tree", "Genealogy_Tree.csproj", "{32F71C7E-933B-4D86-BD4A-6FDEBB37176C}"
EndProject
Global
	GlobalSection(SolutionConfigurationPlatforms) = preSolution
		Debug|Any CPU = Debug|Any CPU
		Release|Any CPU = Release|Any CPU
	EndGlobalSection
	GlobalSection(ProjectConfigurationPlatforms) = postSolution
		{32F71C7E-933B-4D86-BD4A-6FDEBB37176C}.Debug|Any CPU.ActiveCfg = Debug|Any CPU
		{32F71C7E-933B-4D86-BD4A-6FDEBB37176C}.Debug|Any CPU.Build.0 = Debug|Any CPU
		{32F71C7E-933B-4D86-BD4A-6FDEBB37176C}.Release|Any CPU.ActiveCfg = Release|Any CPU
		{32F71C7E-933B-4D86-BD4A-6FDEBB37176C}.Release|Any CPU.Build.0 = Release|Any CPU
	EndGlobalSection
	GlobalSection(SolutionProperties) = preSolution
		HideSolutionNode = FALSE
	EndGlobalSection
	GlobalSection(ExtensibilityGlobals) = postSolution
		SolutionGuid = {68C5F2C0-F142-46CC-830E-3FFEA5271E84}
	EndGlobalSection
EndGlobal
